// !$*UTF8*$!
{
	archiveVersion = 1;
	classes = {
	};
	objectVersion = 46;
	objects = {

/* Begin PBXBuildFile section */
		94358F4914EA53F000B93362 /* UIKit.framework in Frameworks */ = {isa = PBXBuildFile; fileRef = 94358F4814EA53F000B93362 /* UIKit.framework */; };
		94358F4B14EA53F000B93362 /* Foundation.framework in Frameworks */ = {isa = PBXBuildFile; fileRef = 94358F4A14EA53F000B93362 /* Foundation.framework */; };
		94358F4D14EA53F000B93362 /* CoreGraphics.framework in Frameworks */ = {isa = PBXBuildFile; fileRef = 94358F4C14EA53F000B93362 /* CoreGraphics.framework */; };
		94358F5314EA53F000B93362 /* InfoPlist.strings in Resources */ = {isa = PBXBuildFile; fileRef = 94358F5114EA53F000B93362 /* InfoPlist.strings */; };
		94358F5514EA53F000B93362 /* main.m in Sources */ = {isa = PBXBuildFile; fileRef = 94358F5414EA53F000B93362 /* main.m */; };
		94358F5914EA53F000B93362 /* AppDelegate.m in Sources */ = {isa = PBXBuildFile; fileRef = 94358F5814EA53F000B93362 /* AppDelegate.m */; };
		94358F5C14EA53F000B93362 /* ViewController.m in Sources */ = {isa = PBXBuildFile; fileRef = 94358F5B14EA53F000B93362 /* ViewController.m */; };
		94358F5F14EA53F000B93362 /* ViewController.xib in Resources */ = {isa = PBXBuildFile; fileRef = 94358F5D14EA53F000B93362 /* ViewController.xib */; };
		94358F6714EA57AD00B93362 /* HypnosisView.m in Sources */ = {isa = PBXBuildFile; fileRef = 94358F6514EA57AD00B93362 /* HypnosisView.m */; };
		94358F6A14EA5E8600B93362 /* CurrentTimeViewController.m in Sources */ = {isa = PBXBuildFile; fileRef = 94358F6914EA5E8600B93362 /* CurrentTimeViewController.m */; };
		94358F6D14EA5EAC00B93362 /* HypnosisViewController.m in Sources */ = {isa = PBXBuildFile; fileRef = 94358F6C14EA5EAC00B93362 /* HypnosisViewController.m */; };
		94358F6F14EA616300B93362 /* logo.png in Resources */ = {isa = PBXBuildFile; fileRef = 94358F6E14EA616300B93362 /* logo.png */; };
		94358F7114EA65B500B93362 /* CurrentTimeViewController.xib in Resources */ = {isa = PBXBuildFile; fileRef = 94358F7014EA65B500B93362 /* CurrentTimeViewController.xib */; };
/* End PBXBuildFile section */

/* Begin PBXFileReference section */
		94358F4414EA53EF00B93362 /* HypnoTime.app */ = {isa = PBXFileReference; explicitFileType = wrapper.application; includeInIndex = 0; path = HypnoTime.app; sourceTree = BUILT_PRODUCTS_DIR; };
		94358F4814EA53F000B93362 /* UIKit.framework */ = {isa = PBXFileReference; lastKnownFileType = wrapper.framework; name = UIKit.framework; path = System/Library/Frameworks/UIKit.framework; sourceTree = SDKROOT; };
		94358F4A14EA53F000B93362 /* Foundation.framework */ = {isa = PBXFileReference; lastKnownFileType = wrapper.framework; name = Foundation.framework; path = System/Library/Frameworks/Foundation.framework; sourceTree = SDKROOT; };
		94358F4C14EA53F000B93362 /* CoreGraphics.framework */ = {isa = PBXFileReference; lastKnownFileType = wrapper.framework; name = CoreGraphics.framework; path = System/Library/Frameworks/CoreGraphics.framework; sourceTree = SDKROOT; };
		94358F5014EA53F000B93362 /* HypnoTime-Info.plist */ = {isa = PBXFileReference; lastKnownFileType = text.plist.xml; path = "HypnoTime-Info.plist"; sourceTree = "<group>"; };
		94358F5214EA53F000B93362 /* en */ = {isa = PBXFileReference; lastKnownFileType = text.plist.strings; name = en; path = en.lproj/InfoPlist.strings; sourceTree = "<group>"; };
		94358F5414EA53F000B93362 /* main.m */ = {isa = PBXFileReference; lastKnownFileType = sourcecode.c.objc; path = main.m; sourceTree = "<group>"; };
		94358F5614EA53F000B93362 /* HypnoTime-Prefix.pch */ = {isa = PBXFileReference; lastKnownFileType = sourcecode.c.h; path = "HypnoTime-Prefix.pch"; sourceTree = "<group>"; };
		94358F5714EA53F000B93362 /* AppDelegate.h */ = {isa = PBXFileReference; lastKnownFileType = sourcecode.c.h; path = AppDelegate.h; sourceTree = "<group>"; };
		94358F5814EA53F000B93362 /* AppDelegate.m */ = {isa = PBXFileReference; lastKnownFileType = sourcecode.c.objc; path = AppDelegate.m; sourceTree = "<group>"; };
		94358F5A14EA53F000B93362 /* ViewController.h */ = {isa = PBXFileReference; lastKnownFileType = sourcecode.c.h; path = ViewController.h; sourceTree = "<group>"; };
		94358F5B14EA53F000B93362 /* ViewController.m */ = {isa = PBXFileReference; lastKnownFileType = sourcecode.c.objc; path = ViewController.m; sourceTree = "<group>"; };
		94358F5E14EA53F000B93362 /* en */ = {isa = PBXFileReference; lastKnownFileType = file.xib; name = en; path = en.lproj/ViewController.xib; sourceTree = "<group>"; };
		94358F6514EA57AD00B93362 /* HypnosisView.m */ = {isa = PBXFileReference; fileEncoding = 4; lastKnownFileType = sourcecode.c.objc; path = HypnosisView.m; sourceTree = "<group>"; };
		94358F6614EA57AD00B93362 /* HypnosisView.h */ = {isa = PBXFileReference; fileEncoding = 4; lastKnownFileType = sourcecode.c.h; path = HypnosisView.h; sourceTree = "<group>"; };
		94358F6814EA5E8600B93362 /* CurrentTimeViewController.h */ = {isa = PBXFileReference; fileEncoding = 4; lastKnownFileType = sourcecode.c.h; path = CurrentTimeViewController.h; sourceTree = "<group>"; };
		94358F6914EA5E8600B93362 /* CurrentTimeViewController.m */ = {isa = PBXFileReference; fileEncoding = 4; lastKnownFileType = sourcecode.c.objc; path = CurrentTimeViewController.m; sourceTree = "<group>"; };
		94358F6B14EA5EAC00B93362 /* HypnosisViewController.h */ = {isa = PBXFileReference; fileEncoding = 4; lastKnownFileType = sourcecode.c.h; path = HypnosisViewController.h; sourceTree = "<group>"; };
		94358F6C14EA5EAC00B93362 /* HypnosisViewController.m */ = {isa = PBXFileReference; fileEncoding = 4; lastKnownFileType = sourcecode.c.objc; path = HypnosisViewController.m; sourceTree = "<group>"; };
		94358F6E14EA616300B93362 /* logo.png */ = {isa = PBXFileReference; lastKnownFileType = image.png; path = logo.png; sourceTree = "<group>"; };
		94358F7014EA65B500B93362 /* CurrentTimeViewController.xib */ = {isa = PBXFileReference; fileEncoding = 4; lastKnownFileType = file.xib; path = CurrentTimeViewController.xib; sourceTree = "<group>"; };
/* End PBXFileReference section */

/* Begin PBXFrameworksBuildPhase section */
		94358F4114EA53EF00B93362 /* Frameworks */ = {
			isa = PBXFrameworksBuildPhase;
			buildActionMask = 2147483647;
			files = (
				94358F4914EA53F000B93362 /* UIKit.framework in Frameworks */,
				94358F4B14EA53F000B93362 /* Foundation.framework in Frameworks */,
				94358F4D14EA53F000B93362 /* CoreGraphics.framework in Frameworks */,
			);
			runOnlyForDeploymentPostprocessing = 0;
		};
/* End PBXFrameworksBuildPhase section */

/* Begin PBXGroup section */
		94358F3914EA53EF00B93362 = {
			isa = PBXGroup;
			children = (
				94358F4E14EA53F000B93362 /* HypnoTime */,
				94358F4714EA53F000B93362 /* Frameworks */,
				94358F4514EA53EF00B93362 /* Products */,
			);
			sourceTree = "<group>";
		};
		94358F4514EA53EF00B93362 /* Products */ = {
			isa = PBXGroup;
			children = (
				94358F4414EA53EF00B93362 /* HypnoTime.app */,
			);
			name = Products;
			sourceTree = "<group>";
		};
		94358F4714EA53F000B93362 /* Frameworks */ = {
			isa = PBXGroup;
			children = (
				94358F4814EA53F000B93362 /* UIKit.framework */,
				94358F4A14EA53F000B93362 /* Foundation.framework */,
				94358F4C14EA53F000B93362 /* CoreGraphics.framework */,
			);
			name = Frameworks;
			sourceTree = "<group>";
		};
		94358F4E14EA53F000B93362 /* HypnoTime */ = {
			isa = PBXGroup;
			children = (
				94358F5714EA53F000B93362 /* AppDelegate.h */,
				94358F5814EA53F000B93362 /* AppDelegate.m */,
				94358F6814EA5E8600B93362 /* CurrentTimeViewController.h */,
				94358F6914EA5E8600B93362 /* CurrentTimeViewController.m */,
				94358F6B14EA5EAC00B93362 /* HypnosisViewController.h */,
				94358F6C14EA5EAC00B93362 /* HypnosisViewController.m */,
				94358F7014EA65B500B93362 /* CurrentTimeViewController.xib */,
				94358F5A14EA53F000B93362 /* ViewController.h */,
				94358F6514EA57AD00B93362 /* HypnosisView.m */,
				94358F6614EA57AD00B93362 /* HypnosisView.h */,
				94358F5B14EA53F000B93362 /* ViewController.m */,
				94358F5D14EA53F000B93362 /* ViewController.xib */,
				94358F4F14EA53F000B93362 /* Supporting Files */,
			);
			path = HypnoTime;
			sourceTree = "<group>";
		};
		94358F4F14EA53F000B93362 /* Supporting Files */ = {
			isa = PBXGroup;
			children = (
				94358F5014EA53F000B93362 /* HypnoTime-Info.plist */,
				94358F6E14EA616300B93362 /* logo.png */,
				94358F5114EA53F000B93362 /* InfoPlist.strings */,
				94358F5414EA53F000B93362 /* main.m */,
				94358F5614EA53F000B93362 /* HypnoTime-Prefix.pch */,
			);
			name = "Supporting Files";
			sourceTree = "<group>";
		};
/* End PBXGroup section */

/* Begin PBXNativeTarget section */
		94358F4314EA53EF00B93362 /* HypnoTime */ = {
			isa = PBXNativeTarget;
			buildConfigurationList = 94358F6214EA53F000B93362 /* Build configuration list for PBXNativeTarget "HypnoTime" */;
			buildPhases = (
				94358F4014EA53EF00B93362 /* Sources */,
				94358F4114EA53EF00B93362 /* Frameworks */,
				94358F4214EA53EF00B93362 /* Resources */,
			);
			buildRules = (
			);
			dependencies = (
			);
			name = HypnoTime;
			productName = HypnoTime;
			productReference = 94358F4414EA53EF00B93362 /* HypnoTime.app */;
			productType = "com.apple.product-type.application";
		};
/* End PBXNativeTarget section */

/* Begin PBXProject section */
		94358F3B14EA53EF00B93362 /* Project object */ = {
			isa = PBXProject;
			attributes = {
				LastUpgradeCheck = 0420;
			};
			buildConfigurationList = 94358F3E14EA53EF00B93362 /* Build configuration list for PBXProject "HypnoTime" */;
			compatibilityVersion = "Xcode 3.2";
			developmentRegion = English;
			hasScannedForEncodings = 0;
			knownRegions = (
				en,
			);
			mainGroup = 94358F3914EA53EF00B93362;
			productRefGroup = 94358F4514EA53EF00B93362 /* Products */;
			projectDirPath = "";
			projectRoot = "";
			targets = (
				94358F4314EA53EF00B93362 /* HypnoTime */,
			);
		};
/* End PBXProject section */

/* Begin PBXResourcesBuildPhase section */
		94358F4214EA53EF00B93362 /* Resources */ = {
			isa = PBXResourcesBuildPhase;
			buildActionMask = 2147483647;
			files = (
				94358F5314EA53F000B93362 /* InfoPlist.strings in Resources */,
				94358F5F14EA53F000B93362 /* ViewController.xib in Resources */,
				94358F6F14EA616300B93362 /* logo.png in Resources */,
				94358F7114EA65B500B93362 /* CurrentTimeViewController.xib in Resources */,
			);
			runOnlyForDeploymentPostprocessing = 0;
		};
/* End PBXResourcesBuildPhase section */

/* Begin PBXSourcesBuildPhase section */
		94358F4014EA53EF00B93362 /* Sources */ = {
			isa = PBXSourcesBuildPhase;
			buildActionMask = 2147483647;
			files = (
				94358F5514EA53F000B93362 /* main.m in Sources */,
				94358F5914EA53F000B93362 /* AppDelegate.m in Sources */,
				94358F5C14EA53F000B93362 /* ViewController.m in Sources */,
				94358F6714EA57AD00B93362 /* HypnosisView.m in Sources */,
				94358F6A14EA5E8600B93362 /* CurrentTimeViewController.m in Sources */,
				94358F6D14EA5EAC00B93362 /* HypnosisViewController.m in Sources */,
			);
			runOnlyForDeploymentPostprocessing = 0;
		};
/* End PBXSourcesBuildPhase section */

/* Begin PBXVariantGroup section */
		94358F5114EA53F000B93362 /* InfoPlist.strings */ = {
			isa = PBXVariantGroup;
			children = (
				94358F5214EA53F000B93362 /* en */,
			);
			name = InfoPlist.strings;
			sourceTree = "<group>";
		};
		94358F5D14EA53F000B93362 /* ViewController.xib */ = {
			isa = PBXVariantGroup;
			children = (
				94358F5E14EA53F000B93362 /* en */,
			);
			name = ViewController.xib;
			sourceTree = "<group>";
		};
/* End PBXVariantGroup section */

/* Begin XCBuildConfiguration section */
		94358F6014EA53F000B93362 /* Debug */ = {
			isa = XCBuildConfiguration;
			buildSettings = {
				ALWAYS_SEARCH_USER_PATHS = NO;
				ARCHS = "$(ARCHS_STANDARD_32_BIT)";
				CLANG_ENABLE_OBJC_ARC = YES;
				"CODE_SIGN_IDENTITY[sdk=iphoneos*]" = "iPhone Developer";
				COPY_PHASE_STRIP = NO;
				GCC_C_LANGUAGE_STANDARD = gnu99;
				GCC_DYNAMIC_NO_PIC = NO;
				GCC_OPTIMIZATION_LEVEL = 0;
				GCC_PREPROCESSOR_DEFINITIONS = (
					"DEBUG=1",
					"$(inherited)",
				);
				GCC_SYMBOLS_PRIVATE_EXTERN = NO;
				GCC_VERSION = com.apple.compilers.llvm.clang.1_0;
				GCC_WARN_ABOUT_MISSING_PROTOTYPES = YES;
				GCC_WARN_ABOUT_RETURN_TYPE = YES;
				GCC_WARN_UNUSED_VARIABLE = YES;
				IPHONEOS_DEPLOYMENT_TARGET = 5.0;
				SDKROOT = iphoneos;
			};
			name = Debug;
		};
		94358F6114EA53F000B93362 /* Release */ = {
			isa = XCBuildConfiguration;
			buildSettings = {
				ALWAYS_SEARCH_USER_PATHS = NO;
				ARCHS = "$(ARCHS_STANDARD_32_BIT)";
				CLANG_ENABLE_OBJC_ARC = YES;
				"CODE_SIGN_IDENTITY[sdk=iphoneos*]" = "iPhone Developer";
				COPY_PHASE_STRIP = YES;
				GCC_C_LANGUAGE_STANDARD = gnu99;
				GCC_VERSION = com.apple.compilers.llvm.clang.1_0;
				GCC_WARN_ABOUT_MISSING_PROTOTYPES = YES;
				GCC_WARN_ABOUT_RETURN_TYPE = YES;
				GCC_WARN_UNUSED_VARIABLE = YES;
				IPHONEOS_DEPLOYMENT_TARGET = 5.0;
				OTHER_CFLAGS = "-DNS_BLOCK_ASSERTIONS=1";
				SDKROOT = iphoneos;
				VALIDATE_PRODUCT = YES;
			};
			name = Release;
		};
		94358F6314EA53F000B93362 /* Debug */ = {
			isa = XCBuildConfiguration;
			buildSettings = {
				GCC_PRECOMPILE_PREFIX_HEADER = YES;
				GCC_PREFIX_HEADER = "HypnoTime/HypnoTime-Prefix.pch";
				INFOPLIST_FILE = "HypnoTime/HypnoTime-Info.plist";
				PRODUCT_NAME = "$(TARGET_NAME)";
				WRAPPER_EXTENSION = app;
			};
			name = Debug;
		};
		94358F6414EA53F000B93362 /* Release */ = {
			isa = XCBuildConfiguration;
			buildSettings = {
				GCC_PRECOMPILE_PREFIX_HEADER = YES;
				GCC_PREFIX_HEADER = "HypnoTime/HypnoTime-Prefix.pch";
				INFOPLIST_FILE = "HypnoTime/HypnoTime-Info.plist";
				PRODUCT_NAME = "$(TARGET_NAME)";
				WRAPPER_EXTENSION = app;
			};
			name = Release;
		};
/* End XCBuildConfiguration section */

/* Begin XCConfigurationList section */
		94358F3E14EA53EF00B93362 /* Build configuration list for PBXProject "HypnoTime" */ = {
			isa = XCConfigurationList;
			buildConfigurations = (
				94358F6014EA53F000B93362 /* Debug */,
				94358F6114EA53F000B93362 /* Release */,
			);
			defaultConfigurationIsVisible = 0;
			defaultConfigurationName = Release;
		};
		94358F6214EA53F000B93362 /* Build configuration list for PBXNativeTarget "HypnoTime" */ = {
			isa = XCConfigurationList;
			buildConfigurations = (
				94358F6314EA53F000B93362 /* Debug */,
				94358F6414EA53F000B93362 /* Release */,
			);
			defaultConfigurationIsVisible = 0;
		};
/* End XCConfigurationList section */
	};
	rootObject = 94358F3B14EA53EF00B93362 /* Project object */;
}
